{
  "name": "push-wrapper-with-elm-demo",
  "version": "1.0.0",
  "lockfileVersion": 1,
  "requires": true,
  "dependencies": {
    "push-wrapper": {
      "version": "2.1.2",
      "resolved": "https://registry.npmjs.org/push-wrapper/-/push-wrapper-2.1.2.tgz",
      "integrity": "sha1-GkBVc3uVvmehxNomqWvOSpNDc0U="
    }
  }
}
